// !$*UTF8*$!
{
	archiveVersion = 1;
	classes = {
	};
	objectVersion = 50;
	objects = {

/* Begin PBXBuildFile section */
		15ED0F6C268C667300F9FB21 /* AppDelegate.swift in Sources */ = {isa = PBXBuildFile; fileRef = 15ED0F6B268C667300F9FB21 /* AppDelegate.swift */; };
		15ED0F6E268C667300F9FB21 /* SceneDelegate.swift in Sources */ = {isa = PBXBuildFile; fileRef = 15ED0F6D268C667300F9FB21 /* SceneDelegate.swift */; };
		15ED0F70268C667300F9FB21 /* ViewController.swift in Sources */ = {isa = PBXBuildFile; fileRef = 15ED0F6F268C667300F9FB21 /* ViewController.swift */; };
		15ED0F73268C667300F9FB21 /* Main.storyboard in Resources */ = {isa = PBXBuildFile; fileRef = 15ED0F71268C667300F9FB21 /* Main.storyboard */; };
		15ED0F76268C667300F9FB21 /* TapResearchTest.xcdatamodeld in Sources */ = {isa = PBXBuildFile; fileRef = 15ED0F74268C667300F9FB21 /* TapResearchTest.xcdatamodeld */; };
		15ED0F78268C667900F9FB21 /* Assets.xcassets in Resources */ = {isa = PBXBuildFile; fileRef = 15ED0F77268C667900F9FB21 /* Assets.xcassets */; };
		15ED0F7B268C667900F9FB21 /* LaunchScreen.storyboard in Resources */ = {isa = PBXBuildFile; fileRef = 15ED0F79268C667900F9FB21 /* LaunchScreen.storyboard */; };
		15ED0F84268C67E000F9FB21 /* WebServices.swift in Sources */ = {isa = PBXBuildFile; fileRef = 15ED0F83268C67E000F9FB21 /* WebServices.swift */; };
		15ED0F87268C7CDF00F9FB21 /* SurveyOffer.swift in Sources */ = {isa = PBXBuildFile; fileRef = 15ED0F86268C7CDF00F9FB21 /* SurveyOffer.swift */; };
		15ED0F8A268C940100F9FB21 /* WebViewViewController.swift in Sources */ = {isa = PBXBuildFile; fileRef = 15ED0F89268C940100F9FB21 /* WebViewViewController.swift */; };
/* End PBXBuildFile section */

/* Begin PBXFileReference section */
		15ED0F68268C667300F9FB21 /* TapResearchTest.app */ = {isa = PBXFileReference; explicitFileType = wrapper.application; includeInIndex = 0; path = TapResearchTest.app; sourceTree = BUILT_PRODUCTS_DIR; };
		15ED0F6B268C667300F9FB21 /* AppDelegate.swift */ = {isa = PBXFileReference; lastKnownFileType = sourcecode.swift; path = AppDelegate.swift; sourceTree = "<group>"; };
		15ED0F6D268C667300F9FB21 /* SceneDelegate.swift */ = {isa = PBXFileReference; lastKnownFileType = sourcecode.swift; path = SceneDelegate.swift; sourceTree = "<group>"; };
		15ED0F6F268C667300F9FB21 /* ViewController.swift */ = {isa = PBXFileReference; lastKnownFileType = sourcecode.swift; path = ViewController.swift; sourceTree = "<group>"; };
		15ED0F72268C667300F9FB21 /* Base */ = {isa = PBXFileReference; lastKnownFileType = file.storyboard; name = Base; path = Base.lproj/Main.storyboard; sourceTree = "<group>"; };
		15ED0F75268C667300F9FB21 /* TapResearchTest.xcdatamodel */ = {isa = PBXFileReference; lastKnownFileType = wrapper.xcdatamodel; path = TapResearchTest.xcdatamodel; sourceTree = "<group>"; };
		15ED0F77268C667900F9FB21 /* Assets.xcassets */ = {isa = PBXFileReference; lastKnownFileType = folder.assetcatalog; path = Assets.xcassets; sourceTree = "<group>"; };
		15ED0F7A268C667900F9FB21 /* Base */ = {isa = PBXFileReference; lastKnownFileType = file.storyboard; name = Base; path = Base.lproj/LaunchScreen.storyboard; sourceTree = "<group>"; };
		15ED0F7C268C667900F9FB21 /* Info.plist */ = {isa = PBXFileReference; lastKnownFileType = text.plist.xml; path = Info.plist; sourceTree = "<group>"; };
		15ED0F83268C67E000F9FB21 /* WebServices.swift */ = {isa = PBXFileReference; lastKnownFileType = sourcecode.swift; path = WebServices.swift; sourceTree = "<group>"; };
		15ED0F86268C7CDF00F9FB21 /* SurveyOffer.swift */ = {isa = PBXFileReference; lastKnownFileType = sourcecode.swift; path = SurveyOffer.swift; sourceTree = "<group>"; };
		15ED0F89268C940100F9FB21 /* WebViewViewController.swift */ = {isa = PBXFileReference; lastKnownFileType = sourcecode.swift; path = WebViewViewController.swift; sourceTree = "<group>"; };
/* End PBXFileReference section */

/* Begin PBXFrameworksBuildPhase section */
		15ED0F65268C667200F9FB21 /* Frameworks */ = {
			isa = PBXFrameworksBuildPhase;
			buildActionMask = 2147483647;
			files = (
			);
			runOnlyForDeploymentPostprocessing = 0;
		};
/* End PBXFrameworksBuildPhase section */

/* Begin PBXGroup section */
		15ED0F5F268C667200F9FB21 = {
			isa = PBXGroup;
			children = (
				15ED0F6A268C667300F9FB21 /* TapResearchTest */,
				15ED0F69268C667300F9FB21 /* Products */,
			);
			sourceTree = "<group>";
		};
		15ED0F69268C667300F9FB21 /* Products */ = {
			isa = PBXGroup;
			children = (
				15ED0F68268C667300F9FB21 /* TapResearchTest.app */,
			);
			name = Products;
			sourceTree = "<group>";
		};
		15ED0F6A268C667300F9FB21 /* TapResearchTest */ = {
			isa = PBXGroup;
			children = (
				15ED0F6B268C667300F9FB21 /* AppDelegate.swift */,
				15ED0F6D268C667300F9FB21 /* SceneDelegate.swift */,
				15ED0F85268C7B1300F9FB21 /* Models */,
				15ED0F82268C678A00F9FB21 /* Networking */,
				15ED0F88268C935700F9FB21 /* Views */,
				15ED0F71268C667300F9FB21 /* Main.storyboard */,
				15ED0F77268C667900F9FB21 /* Assets.xcassets */,
				15ED0F79268C667900F9FB21 /* LaunchScreen.storyboard */,
				15ED0F7C268C667900F9FB21 /* Info.plist */,
				15ED0F74268C667300F9FB21 /* TapResearchTest.xcdatamodeld */,
			);
			path = TapResearchTest;
			sourceTree = "<group>";
		};
		15ED0F82268C678A00F9FB21 /* Networking */ = {
			isa = PBXGroup;
			children = (
				15ED0F83268C67E000F9FB21 /* WebServices.swift */,
			);
			path = Networking;
			sourceTree = "<group>";
		};
		15ED0F85268C7B1300F9FB21 /* Models */ = {
			isa = PBXGroup;
			children = (
				15ED0F86268C7CDF00F9FB21 /* SurveyOffer.swift */,
			);
			path = Models;
			sourceTree = "<group>";
		};
		15ED0F88268C935700F9FB21 /* Views */ = {
			isa = PBXGroup;
			children = (
				15ED0F6F268C667300F9FB21 /* ViewController.swift */,
				15ED0F89268C940100F9FB21 /* WebViewViewController.swift */,
			);
			path = Views;
			sourceTree = "<group>";
		};
/* End PBXGroup section */

/* Begin PBXNativeTarget section */
		15ED0F67268C667200F9FB21 /* TapResearchTest */ = {
			isa = PBXNativeTarget;
			buildConfigurationList = 15ED0F7F268C667900F9FB21 /* Build configuration list for PBXNativeTarget "TapResearchTest" */;
			buildPhases = (
				15ED0F64268C667200F9FB21 /* Sources */,
				15ED0F65268C667200F9FB21 /* Frameworks */,
				15ED0F66268C667200F9FB21 /* Resources */,
			);
			buildRules = (
			);
			dependencies = (
			);
			name = TapResearchTest;
			productName = TapResearchTest;
			productReference = 15ED0F68268C667300F9FB21 /* TapResearchTest.app */;
			productType = "com.apple.product-type.application";
		};
/* End PBXNativeTarget section */

/* Begin PBXProject section */
		15ED0F60268C667200F9FB21 /* Project object */ = {
			isa = PBXProject;
			attributes = {
				LastSwiftUpdateCheck = 1250;
				LastUpgradeCheck = 1250;
				TargetAttributes = {
					15ED0F67268C667200F9FB21 = {
						CreatedOnToolsVersion = 12.5;
					};
				};
			};
			buildConfigurationList = 15ED0F63268C667200F9FB21 /* Build configuration list for PBXProject "TapResearchTest" */;
			compatibilityVersion = "Xcode 9.3";
			developmentRegion = en;
			hasScannedForEncodings = 0;
			knownRegions = (
				en,
				Base,
			);
			mainGroup = 15ED0F5F268C667200F9FB21;
			productRefGroup = 15ED0F69268C667300F9FB21 /* Products */;
			projectDirPath = "";
			projectRoot = "";
			targets = (
				15ED0F67268C667200F9FB21 /* TapResearchTest */,
			);
		};
/* End PBXProject section */

/* Begin PBXResourcesBuildPhase section */
		15ED0F66268C667200F9FB21 /* Resources */ = {
			isa = PBXResourcesBuildPhase;
			buildActionMask = 2147483647;
			files = (
				15ED0F7B268C667900F9FB21 /* LaunchScreen.storyboard in Resources */,
				15ED0F78268C667900F9FB21 /* Assets.xcassets in Resources */,
				15ED0F73268C667300F9FB21 /* Main.storyboard in Resources */,
			);
			runOnlyForDeploymentPostprocessing = 0;
		};
/* End PBXResourcesBuildPhase section */

/* Begin PBXSourcesBuildPhase section */
		15ED0F64268C667200F9FB21 /* Sources */ = {
			isa = PBXSourcesBuildPhase;
			buildActionMask = 2147483647;
			files = (
				15ED0F8A268C940100F9FB21 /* WebViewViewController.swift in Sources */,
				15ED0F87268C7CDF00F9FB21 /* SurveyOffer.swift in Sources */,
				15ED0F70268C667300F9FB21 /* ViewController.swift in Sources */,
				15ED0F84268C67E000F9FB21 /* WebServices.swift in Sources */,
				15ED0F6C268C667300F9FB21 /* AppDelegate.swift in Sources */,
				15ED0F76268C667300F9FB21 /* TapResearchTest.xcdatamodeld in Sources */,
				15ED0F6E268C667300F9FB21 /* SceneDelegate.swift in Sources */,
			);
			runOnlyForDeploymentPostprocessing = 0;
		};
/* End PBXSourcesBuildPhase section */

/* Begin PBXVariantGroup section */
		15ED0F71268C667300F9FB21 /* Main.storyboard */ = {
			isa = PBXVariantGroup;
			children = (
				15ED0F72268C667300F9FB21 /* Base */,
			);
			name = Main.storyboard;
			sourceTree = "<group>";
		};
		15ED0F79268C667900F9FB21 /* LaunchScreen.storyboard */ = {
			isa = PBXVariantGroup;
			children = (
				15ED0F7A268C667900F9FB21 /* Base */,
			);
			name = LaunchScreen.storyboard;
			sourceTree = "<group>";
		};
/* End PBXVariantGroup section */

/* Begin XCBuildConfiguration section */
		15ED0F7D268C667900F9FB21 /* Debug */ = {
			isa = XCBuildConfiguration;
			buildSettings = {
				ALWAYS_SEARCH_USER_PATHS = NO;
				CLANG_ANALYZER_NONNULL = YES;
				CLANG_ANALYZER_NUMBER_OBJECT_CONVERSION = YES_AGGRESSIVE;
				CLANG_CXX_LANGUAGE_STANDARD = "gnu++14";
				CLANG_CXX_LIBRARY = "libc++";
				CLANG_ENABLE_MODULES = YES;
				CLANG_ENABLE_OBJC_ARC = YES;
				CLANG_ENABLE_OBJC_WEAK = YES;
				CLANG_WARN_BLOCK_CAPTURE_AUTORELEASING = YES;
				CLANG_WARN_BOOL_CONVERSION = YES;
				CLANG_WARN_COMMA = YES;
				CLANG_WARN_CONSTANT_CONVERSION = YES;
				CLANG_WARN_DEPRECATED_OBJC_IMPLEMENTATIONS = YES;
				CLANG_WARN_DIRECT_OBJC_ISA_USAGE = YES_ERROR;
				CLANG_WARN_DOCUMENTATION_COMMENTS = YES;
				CLANG_WARN_EMPTY_BODY = YES;
				CLANG_WARN_ENUM_CONVERSION = YES;
				CLANG_WARN_INFINITE_RECURSION = YES;
				CLANG_WARN_INT_CONVERSION = YES;
				CLANG_WARN_NON_LITERAL_NULL_CONVERSION = YES;
				CLANG_WARN_OBJC_IMPLICIT_RETAIN_SELF = YES;
				CLANG_WARN_OBJC_LITERAL_CONVERSION = YES;
				CLANG_WARN_OBJC_ROOT_CLASS = YES_ERROR;
				CLANG_WARN_QUOTED_INCLUDE_IN_FRAMEWORK_HEADER = YES;
				CLANG_WARN_RANGE_LOOP_ANALYSIS = YES;
				CLANG_WARN_STRICT_PROTOTYPES = YES;
				CLANG_WARN_SUSPICIOUS_MOVE = YES;
				CLANG_WARN_UNGUARDED_AVAILABILITY = YES_AGGRESSIVE;
				CLANG_WARN_UNREACHABLE_CODE = YES;
				CLANG_WARN__DUPLICATE_METHOD_MATCH = YES;
				COPY_PHASE_STRIP = NO;
				DEBUG_INFORMATION_FORMAT = dwarf;
				ENABLE_STRICT_OBJC_MSGSEND = YES;
				ENABLE_TESTABILITY = YES;
				GCC_C_LANGUAGE_STANDARD = gnu11;
				GCC_DYNAMIC_NO_PIC = NO;
				GCC_NO_COMMON_BLOCKS = YES;
				GCC_OPTIMIZATION_LEVEL = 0;
				GCC_PREPROCESSOR_DEFINITIONS = (
					"DEBUG=1",
					"$(inherited)",
				);
				GCC_WARN_64_TO_32_BIT_CONVERSION = YES;
				GCC_WARN_ABOUT_RETURN_TYPE = YES_ERROR;
				GCC_WARN_UNDECLARED_SELECTOR = YES;
				GCC_WARN_UNINITIALIZED_AUTOS = YES_AGGRESSIVE;
				GCC_WARN_UNUSED_FUNCTION = YES;
				GCC_WARN_UNUSED_VARIABLE = YES;
				IPHONEOS_DEPLOYMENT_TARGET = 13.6;
				MTL_ENABLE_DEBUG_INFO = INCLUDE_SOURCE;
				MTL_FAST_MATH = YES;
				ONLY_ACTIVE_ARCH = YES;
				SDKROOT = iphoneos;
				SWIFT_ACTIVE_COMPILATION_CONDITIONS = DEBUG;
				SWIFT_OPTIMIZATION_LEVEL = "-Onone";
			};
			name = Debug;
		};
		15ED0F7E268C667900F9FB21 /* Release */ = {
			isa = XCBuildConfiguration;
			buildSettings = {
				ALWAYS_SEARCH_USER_PATHS = NO;
				CLANG_ANALYZER_NONNULL = YES;
				CLANG_ANALYZER_NUMBER_OBJECT_CONVERSION = YES_AGGRESSIVE;
				CLANG_CXX_LANGUAGE_STANDARD = "gnu++14";
				CLANG_CXX_LIBRARY = "libc++";
				CLANG_ENABLE_MODULES = YES;
				CLANG_ENABLE_OBJC_ARC = YES;
				CLANG_ENABLE_OBJC_WEAK = YES;
				CLANG_WARN_BLOCK_CAPTURE_AUTORELEASING = YES;
				CLANG_WARN_BOOL_CONVERSION = YES;
				CLANG_WARN_COMMA = YES;
				CLANG_WARN_CONSTANT_CONVERSION = YES;
				CLANG_WARN_DEPRECATED_OBJC_IMPLEMENTATIONS = YES;
				CLANG_WARN_DIRECT_OBJC_ISA_USAGE = YES_ERROR;
				CLANG_WARN_DOCUMENTATION_COMMENTS = YES;
				CLANG_WARN_EMPTY_BODY = YES;
				CLANG_WARN_ENUM_CONVERSION = YES;
				CLANG_WARN_INFINITE_RECURSION = YES;
				CLANG_WARN_INT_CONVERSION = YES;
				CLANG_WARN_NON_LITERAL_NULL_CONVERSION = YES;
				CLANG_WARN_OBJC_IMPLICIT_RETAIN_SELF = YES;
				CLANG_WARN_OBJC_LITERAL_CONVERSION = YES;
				CLANG_WARN_OBJC_ROOT_CLASS = YES_ERROR;
				CLANG_WARN_QUOTED_INCLUDE_IN_FRAMEWORK_HEADER = YES;
				CLANG_WARN_RANGE_LOOP_ANALYSIS = YES;
				CLANG_WARN_STRICT_PROTOTYPES = YES;
				CLANG_WARN_SUSPICIOUS_MOVE = YES;
				CLANG_WARN_UNGUARDED_AVAILABILITY = YES_AGGRESSIVE;
				CLANG_WARN_UNREACHABLE_CODE = YES;
				CLANG_WARN__DUPLICATE_METHOD_MATCH = YES;
				COPY_PHASE_STRIP = NO;
				DEBUG_INFORMATION_FORMAT = "dwarf-with-dsym";
				ENABLE_NS_ASSERTIONS = NO;
				ENABLE_STRICT_OBJC_MSGSEND = YES;
				GCC_C_LANGUAGE_STANDARD = gnu11;
				GCC_NO_COMMON_BLOCKS = YES;
				GCC_WARN_64_TO_32_BIT_CONVERSION = YES;
				GCC_WARN_ABOUT_RETURN_TYPE = YES_ERROR;
				GCC_WARN_UNDECLARED_SELECTOR = YES;
				GCC_WARN_UNINITIALIZED_AUTOS = YES_AGGRESSIVE;
				GCC_WARN_UNUSED_FUNCTION = YES;
				GCC_WARN_UNUSED_VARIABLE = YES;
				IPHONEOS_DEPLOYMENT_TARGET = 13.6;
				MTL_ENABLE_DEBUG_INFO = NO;
				MTL_FAST_MATH = YES;
				SDKROOT = iphoneos;
				SWIFT_COMPILATION_MODE = wholemodule;
				SWIFT_OPTIMIZATION_LEVEL = "-O";
				VALIDATE_PRODUCT = YES;
			};
			name = Release;
		};
		15ED0F80268C667900F9FB21 /* Debug */ = {
			isa = XCBuildConfiguration;
			buildSettings = {
				ASSETCATALOG_COMPILER_APPICON_NAME = AppIcon;
				ASSETCATALOG_COMPILER_GLOBAL_ACCENT_COLOR_NAME = AccentColor;
				CODE_SIGN_STYLE = Automatic;
				DEVELOPMENT_TEAM = "";
				INFOPLIST_FILE = TapResearchTest/Info.plist;
				LD_RUNPATH_SEARCH_PATHS = (
					"$(inherited)",
					"@executable_path/Frameworks",
				);
				PRODUCT_BUNDLE_IDENTIFIER = com.kenmobile.SurveyAPIStorage;
				PRODUCT_NAME = "$(TARGET_NAME)";
				SWIFT_VERSION = 5.0;
				TARGETED_DEVICE_FAMILY = "1,2";
			};
			name = Debug;
		};
		15ED0F81268C667900F9FB21 /* Release */ = {
			isa = XCBuildConfiguration;
			buildSettings = {
				ASSETCATALOG_COMPILER_APPICON_NAME = AppIcon;
				ASSETCATALOG_COMPILER_GLOBAL_ACCENT_COLOR_NAME = AccentColor;
				CODE_SIGN_STYLE = Automatic;
				DEVELOPMENT_TEAM = "";
				INFOPLIST_FILE = TapResearchTest/Info.plist;
				LD_RUNPATH_SEARCH_PATHS = (
					"$(inherited)",
					"@executable_path/Frameworks",
				);
				PRODUCT_BUNDLE_IDENTIFIER = com.kenmobile.SurveyAPIStorage;
				PRODUCT_NAME = "$(TARGET_NAME)";
				SWIFT_VERSION = 5.0;
				TARGETED_DEVICE_FAMILY = "1,2";
			};
			name = Release;
		};
/* End XCBuildConfiguration section */

/* Begin XCConfigurationList section */
		15ED0F63268C667200F9FB21 /* Build configuration list for PBXProject "TapResearchTest" */ = {
			isa = XCConfigurationList;
			buildConfigurations = (
				15ED0F7D268C667900F9FB21 /* Debug */,
				15ED0F7E268C667900F9FB21 /* Release */,
			);
			defaultConfigurationIsVisible = 0;
			defaultConfigurationName = Release;
		};
		15ED0F7F268C667900F9FB21 /* Build configuration list for PBXNativeTarget "TapResearchTest" */ = {
			isa = XCConfigurationList;
			buildConfigurations = (
				15ED0F80268C667900F9FB21 /* Debug */,
				15ED0F81268C667900F9FB21 /* Release */,
			);
			defaultConfigurationIsVisible = 0;
			defaultConfigurationName = Release;
		};
/* End XCConfigurationList section */

/* Begin XCVersionGroup section */
		15ED0F74268C667300F9FB21 /* TapResearchTest.xcdatamodeld */ = {
			isa = XCVersionGroup;
			children = (
				15ED0F75268C667300F9FB21 /* TapResearchTest.xcdatamodel */,
			);
			currentVersion = 15ED0F75268C667300F9FB21 /* TapResearchTest.xcdatamodel */;
			path = TapResearchTest.xcdatamodeld;
			sourceTree = "<group>";
			versionGroupType = wrapper.xcdatamodel;
		};
/* End XCVersionGroup section */
	};
	rootObject = 15ED0F60268C667200F9FB21 /* Project object */;
}
